
Microsoft Visual Studio Solution File, Format Version 12.00
# Visual Studio Version 17
VisualStudioVersion = 17.14.36518.9 d17.14
MinimumVisualStudioVersion = 10.0.40219.1
Project("{FAE04EC0-301F-11D3-BF4B-00C04F79EFBC}") = "API.W.Movies", "API.W.Movies\API.W.Movies.csproj", "{39522309-DB54-45B3-8922-5753A7E80447}"
EndProject
Global
	GlobalSection(SolutionConfigurationPlatforms) = preSolution
		Debug|Any CPU = Debug|Any CPU
		Release|Any CPU = Release|Any CPU
	EndGlobalSection
	GlobalSection(ProjectConfigurationPlatforms) = postSolution
		{39522309-DB54-45B3-8922-5753A7E80447}.Debug|Any CPU.ActiveCfg = Debug|Any CPU
		{39522309-DB54-45B3-8922-5753A7E80447}.Debug|Any CPU.Build.0 = Debug|Any CPU
		{39522309-DB54-45B3-8922-5753A7E80447}.Release|Any CPU.ActiveCfg = Release|Any CPU
		{39522309-DB54-45B3-8922-5753A7E80447}.Release|Any CPU.Build.0 = Release|Any CPU
	EndGlobalSection
	GlobalSection(SolutionProperties) = preSolution
		HideSolutionNode = FALSE
	EndGlobalSection
	GlobalSection(ExtensibilityGlobals) = postSolution
		SolutionGuid = {630AB8F3-41FF-43BF-98D1-6DB101693175}
	EndGlobalSection
EndGlobal
